
Microsoft Visual Studio Solution File, Format Version 12.00
# Visual Studio Version 17
VisualStudioVersion = 17.4.33213.308
MinimumVisualStudioVersion = 10.0.40219.1
Project("{FAE04EC0-301F-11D3-BF4B-00C04F79EFBC}") = "ProjetoYoutube", "ProjetoYoutube\ProjetoYoutube.csproj", "{3C1AC4A5-D7FA-432C-B4A4-873556EB18CD}"
EndProject
Global
	GlobalSection(SolutionConfigurationPlatforms) = preSolution
		Debug|Any CPU = Debug|Any CPU
		Release|Any CPU = Release|Any CPU
	EndGlobalSection
	GlobalSection(ProjectConfigurationPlatforms) = postSolution
		{3C1AC4A5-D7FA-432C-B4A4-873556EB18CD}.Debug|Any CPU.ActiveCfg = Debug|Any CPU
		{3C1AC4A5-D7FA-432C-B4A4-873556EB18CD}.Debug|Any CPU.Build.0 = Debug|Any CPU
		{3C1AC4A5-D7FA-432C-B4A4-873556EB18CD}.Release|Any CPU.ActiveCfg = Release|Any CPU
		{3C1AC4A5-D7FA-432C-B4A4-873556EB18CD}.Release|Any CPU.Build.0 = Release|Any CPU
	EndGlobalSection
	GlobalSection(SolutionProperties) = preSolution
		HideSolutionNode = FALSE
	EndGlobalSection
	GlobalSection(ExtensibilityGlobals) = postSolution
		SolutionGuid = {AE6D1944-D046-4B5A-8565-545F6A8ABA15}
	EndGlobalSection
EndGlobal
